
Microsoft Visual Studio Solution File, Format Version 12.00
# Visual Studio Version 16
VisualStudioVersion = 16.0.30114.105
MinimumVisualStudioVersion = 10.0.40219.1
Project("{9A19103F-16F7-4668-BE54-9A1E7A4F7556}") = "GeoIp.Tests", "ApiImplementation.Tests\GeoIp.Tests.csproj", "{68A3FC2B-B13C-494D-A236-28FC1E42DDBF}"
EndProject
Project("{9A19103F-16F7-4668-BE54-9A1E7A4F7556}") = "GeoIp", "GeoIp\GeoIp.csproj", "{6239E6F7-DE52-48ED-844C-F7C262C053B4}"
EndProject
Global
	GlobalSection(SolutionConfigurationPlatforms) = preSolution
		Debug|Any CPU = Debug|Any CPU
		Release|Any CPU = Release|Any CPU
	EndGlobalSection
	GlobalSection(ProjectConfigurationPlatforms) = postSolution
		{68A3FC2B-B13C-494D-A236-28FC1E42DDBF}.Debug|Any CPU.ActiveCfg = Debug|Any CPU
		{68A3FC2B-B13C-494D-A236-28FC1E42DDBF}.Debug|Any CPU.Build.0 = Debug|Any CPU
		{68A3FC2B-B13C-494D-A236-28FC1E42DDBF}.Release|Any CPU.ActiveCfg = Release|Any CPU
		{68A3FC2B-B13C-494D-A236-28FC1E42DDBF}.Release|Any CPU.Build.0 = Release|Any CPU
		{6239E6F7-DE52-48ED-844C-F7C262C053B4}.Debug|Any CPU.ActiveCfg = Debug|Any CPU
		{6239E6F7-DE52-48ED-844C-F7C262C053B4}.Debug|Any CPU.Build.0 = Debug|Any CPU
		{6239E6F7-DE52-48ED-844C-F7C262C053B4}.Release|Any CPU.ActiveCfg = Release|Any CPU
		{6239E6F7-DE52-48ED-844C-F7C262C053B4}.Release|Any CPU.Build.0 = Release|Any CPU
	EndGlobalSection
	GlobalSection(SolutionProperties) = preSolution
		HideSolutionNode = FALSE
	EndGlobalSection
	GlobalSection(ExtensibilityGlobals) = postSolution
		SolutionGuid = {40C39D9D-43B6-4331-B16B-191EAA816D11}
	EndGlobalSection
EndGlobal
